
Microsoft Visual Studio Solution File, Format Version 12.00
# Visual Studio Version 17
VisualStudioVersion = 17.3.32929.385
MinimumVisualStudioVersion = 10.0.40219.1
Project("{FAE04EC0-301F-11D3-BF4B-00C04F79EFBC}") = "Horga_Alexandra_Lab1", "Horga_Alexandra_Lab1\Horga_Alexandra_Lab1.csproj", "{A0162DCC-68B9-47E9-A226-1CF9BD3AFC12}"
EndProject
Global
	GlobalSection(SolutionConfigurationPlatforms) = preSolution
		Debug|Any CPU = Debug|Any CPU
		Release|Any CPU = Release|Any CPU
	EndGlobalSection
	GlobalSection(ProjectConfigurationPlatforms) = postSolution
		{A0162DCC-68B9-47E9-A226-1CF9BD3AFC12}.Debug|Any CPU.ActiveCfg = Debug|Any CPU
		{A0162DCC-68B9-47E9-A226-1CF9BD3AFC12}.Debug|Any CPU.Build.0 = Debug|Any CPU
		{A0162DCC-68B9-47E9-A226-1CF9BD3AFC12}.Release|Any CPU.ActiveCfg = Release|Any CPU
		{A0162DCC-68B9-47E9-A226-1CF9BD3AFC12}.Release|Any CPU.Build.0 = Release|Any CPU
	EndGlobalSection
	GlobalSection(SolutionProperties) = preSolution
		HideSolutionNode = FALSE
	EndGlobalSection
	GlobalSection(ExtensibilityGlobals) = postSolution
		SolutionGuid = {F4ED8A6C-79DA-495F-A734-90D2FD79E0AE}
	EndGlobalSection
EndGlobal
